
Microsoft Visual Studio Solution File, Format Version 12.00
# Visual Studio Version 17
VisualStudioVersion = 17.5.33530.505
MinimumVisualStudioVersion = 10.0.40219.1
Project("{FAE04EC0-301F-11D3-BF4B-00C04F79EFBC}") = "RoleIdentity", "RoleIdentity\RoleIdentity.csproj", "{69FE6A92-C5FC-4446-B46A-93AA53ABD237}"
EndProject
Global
	GlobalSection(SolutionConfigurationPlatforms) = preSolution
		Debug|Any CPU = Debug|Any CPU
		Release|Any CPU = Release|Any CPU
	EndGlobalSection
	GlobalSection(ProjectConfigurationPlatforms) = postSolution
		{69FE6A92-C5FC-4446-B46A-93AA53ABD237}.Debug|Any CPU.ActiveCfg = Debug|Any CPU
		{69FE6A92-C5FC-4446-B46A-93AA53ABD237}.Debug|Any CPU.Build.0 = Debug|Any CPU
		{69FE6A92-C5FC-4446-B46A-93AA53ABD237}.Release|Any CPU.ActiveCfg = Release|Any CPU
		{69FE6A92-C5FC-4446-B46A-93AA53ABD237}.Release|Any CPU.Build.0 = Release|Any CPU
	EndGlobalSection
	GlobalSection(SolutionProperties) = preSolution
		HideSolutionNode = FALSE
	EndGlobalSection
	GlobalSection(ExtensibilityGlobals) = postSolution
		SolutionGuid = {8053AD18-0248-4C40-8077-2A92DAD42D23}
	EndGlobalSection
EndGlobal
